
Microsoft Visual Studio Solution File, Format Version 12.00
# Visual Studio 15
VisualStudioVersion = 15.0.27130.2036
MinimumVisualStudioVersion = 10.0.40219.1
Project("{FAE04EC0-301F-11D3-BF4B-00C04F79EFBC}") = "WebApplication16", "WebApplication16\WebApplication16.csproj", "{E2B5F07C-AC26-40F7-888B-1437BBABF67E}"
EndProject
Global
	GlobalSection(SolutionConfigurationPlatforms) = preSolution
		Debug|Any CPU = Debug|Any CPU
		Release|Any CPU = Release|Any CPU
	EndGlobalSection
	GlobalSection(ProjectConfigurationPlatforms) = postSolution
		{E2B5F07C-AC26-40F7-888B-1437BBABF67E}.Debug|Any CPU.ActiveCfg = Debug|Any CPU
		{E2B5F07C-AC26-40F7-888B-1437BBABF67E}.Debug|Any CPU.Build.0 = Debug|Any CPU
		{E2B5F07C-AC26-40F7-888B-1437BBABF67E}.Release|Any CPU.ActiveCfg = Release|Any CPU
		{E2B5F07C-AC26-40F7-888B-1437BBABF67E}.Release|Any CPU.Build.0 = Release|Any CPU
	EndGlobalSection
	GlobalSection(SolutionProperties) = preSolution
		HideSolutionNode = FALSE
	EndGlobalSection
	GlobalSection(ExtensibilityGlobals) = postSolution
		SolutionGuid = {31CAE6B5-A150-44DF-ADE5-79A406FECD1B}
	EndGlobalSection
EndGlobal
